
Microsoft Visual Studio Solution File, Format Version 12.00
# Visual Studio 15
Project("{FAE04EC0-301F-11D3-BF4B-00C04F79EFBC}") = "Assembly-CSharp", "Assembly-CSharp.csproj", "{3A932314-93D5-9400-FCCC-4BB93B887966}"
EndProject
Project("{FAE04EC0-301F-11D3-BF4B-00C04F79EFBC}") = "Assembly-CSharp-Editor", "Assembly-CSharp-Editor.csproj", "{9A9485F6-2528-E0DF-EFD7-7235154F97FF}"
EndProject
Global
	GlobalSection(SolutionConfigurationPlatforms) = preSolution
		Debug|Any CPU = Debug|Any CPU
		Release|Any CPU = Release|Any CPU
	EndGlobalSection
	GlobalSection(ProjectConfigurationPlatforms) = postSolution
		{3A932314-93D5-9400-FCCC-4BB93B887966}.Debug|Any CPU.ActiveCfg = Debug|Any CPU
		{3A932314-93D5-9400-FCCC-4BB93B887966}.Debug|Any CPU.Build.0 = Debug|Any CPU
		{3A932314-93D5-9400-FCCC-4BB93B887966}.Release|Any CPU.ActiveCfg = Release|Any CPU
		{3A932314-93D5-9400-FCCC-4BB93B887966}.Release|Any CPU.Build.0 = Release|Any CPU
		{9A9485F6-2528-E0DF-EFD7-7235154F97FF}.Debug|Any CPU.ActiveCfg = Debug|Any CPU
		{9A9485F6-2528-E0DF-EFD7-7235154F97FF}.Debug|Any CPU.Build.0 = Debug|Any CPU
		{9A9485F6-2528-E0DF-EFD7-7235154F97FF}.Release|Any CPU.ActiveCfg = Release|Any CPU
		{9A9485F6-2528-E0DF-EFD7-7235154F97FF}.Release|Any CPU.Build.0 = Release|Any CPU
	EndGlobalSection
	GlobalSection(SolutionProperties) = preSolution
		HideSolutionNode = FALSE
	EndGlobalSection
EndGlobal
